Microsoft Visual Studio Solution File, Format Version 12.00
# Visual Studio Version 17
VisualStudioVersion = 17.10.35027.167
MinimumVisualStudioVersion = 10.0.40219.1
Project("{9A19103F-16F7-4668-BE54-9A1E7A4F7556}") = "WeatherForecasting.AppHost", "WeatherForecasting.AppHost\WeatherForecasting.AppHost.csproj", "{0150D858-9057-4720-AB2B-44B1CA72B7A4}"
EndProject
Project("{9A19103F-16F7-4668-BE54-9A1E7A4F7556}") = "WeatherForecasting.ServiceDefaults", "WeatherForecasting.ServiceDefaults\WeatherForecasting.ServiceDefaults.csproj", "{D22DC3EC-D27B-44D2-B0B5-7433DF034BB6}"
EndProject
Project("{9A19103F-16F7-4668-BE54-9A1E7A4F7556}") = "WeatherForecasting.WebApi", "WeatherForecasting.WebApi\WeatherForecasting.WebApi.csproj", "{4B5B42BF-FAAD-4385-BEED-3E64A4BCCD65}"
EndProject
Project("{FAE04EC0-301F-11D3-BF4B-00C04F79EFBC}") = "WeatherForecasting.WebApi.Tests", "WeatherForecasting.WebApi.Tests\WeatherForecasting.WebApi.Tests.csproj", "{8614C34D-796F-42D2-8856-9ECC6BDF53E0}"
EndProject
Global
	GlobalSection(SolutionConfigurationPlatforms) = preSolution
		Debug|Any CPU = Debug|Any CPU
		Release|Any CPU = Release|Any CPU
	EndGlobalSection
	GlobalSection(ProjectConfigurationPlatforms) = postSolution
		{0150D858-9057-4720-AB2B-44B1CA72B7A4}.Debug|Any CPU.ActiveCfg = Debug|Any CPU
		{0150D858-9057-4720-AB2B-44B1CA72B7A4}.Debug|Any CPU.Build.0 = Debug|Any CPU
		{0150D858-9057-4720-AB2B-44B1CA72B7A4}.Release|Any CPU.ActiveCfg = Release|Any CPU
		{0150D858-9057-4720-AB2B-44B1CA72B7A4}.Release|Any CPU.Build.0 = Release|Any CPU
		{D22DC3EC-D27B-44D2-B0B5-7433DF034BB6}.Debug|Any CPU.ActiveCfg = Debug|Any CPU
		{D22DC3EC-D27B-44D2-B0B5-7433DF034BB6}.Debug|Any CPU.Build.0 = Debug|Any CPU
		{D22DC3EC-D27B-44D2-B0B5-7433DF034BB6}.Release|Any CPU.ActiveCfg = Release|Any CPU
		{D22DC3EC-D27B-44D2-B0B5-7433DF034BB6}.Release|Any CPU.Build.0 = Release|Any CPU
		{4B5B42BF-FAAD-4385-BEED-3E64A4BCCD65}.Debug|Any CPU.ActiveCfg = Debug|Any CPU
		{4B5B42BF-FAAD-4385-BEED-3E64A4BCCD65}.Debug|Any CPU.Build.0 = Debug|Any CPU
		{4B5B42BF-FAAD-4385-BEED-3E64A4BCCD65}.Release|Any CPU.ActiveCfg = Release|Any CPU
		{4B5B42BF-FAAD-4385-BEED-3E64A4BCCD65}.Release|Any CPU.Build.0 = Release|Any CPU
		{8614C34D-796F-42D2-8856-9ECC6BDF53E0}.Debug|Any CPU.ActiveCfg = Debug|Any CPU
		{8614C34D-796F-42D2-8856-9ECC6BDF53E0}.Debug|Any CPU.Build.0 = Debug|Any CPU
		{8614C34D-796F-42D2-8856-9ECC6BDF53E0}.Release|Any CPU.ActiveCfg = Release|Any CPU
		{8614C34D-796F-42D2-8856-9ECC6BDF53E0}.Release|Any CPU.Build.0 = Release|Any CPU
	EndGlobalSection
	GlobalSection(SolutionProperties) = preSolution
		HideSolutionNode = FALSE
	EndGlobalSection
	GlobalSection(ExtensibilityGlobals) = postSolution
		SolutionGuid = {A4351AE5-9838-471A-9AE6-C4EE3A17FA60}
	EndGlobalSection
EndGlobal
